
Microsoft Visual Studio Solution File, Format Version 12.00
# Visual Studio Version 17
VisualStudioVersion = 17.14.36414.22 d17.14
MinimumVisualStudioVersion = 10.0.40219.1
Project("{FAE04EC0-301F-11D3-BF4B-00C04F79EFBC}") = "MiniAdventureGame", "MiniAdventureGame\MiniAdventureGame.csproj", "{B7A5BF76-6533-4EA7-9360-BAB12C827081}"
EndProject
Global
	GlobalSection(SolutionConfigurationPlatforms) = preSolution
		Debug|Any CPU = Debug|Any CPU
		Release|Any CPU = Release|Any CPU
	EndGlobalSection
	GlobalSection(ProjectConfigurationPlatforms) = postSolution
		{B7A5BF76-6533-4EA7-9360-BAB12C827081}.Debug|Any CPU.ActiveCfg = Debug|Any CPU
		{B7A5BF76-6533-4EA7-9360-BAB12C827081}.Debug|Any CPU.Build.0 = Debug|Any CPU
		{B7A5BF76-6533-4EA7-9360-BAB12C827081}.Release|Any CPU.ActiveCfg = Release|Any CPU
		{B7A5BF76-6533-4EA7-9360-BAB12C827081}.Release|Any CPU.Build.0 = Release|Any CPU
	EndGlobalSection
	GlobalSection(SolutionProperties) = preSolution
		HideSolutionNode = FALSE
	EndGlobalSection
	GlobalSection(ExtensibilityGlobals) = postSolution
		SolutionGuid = {7F29EE2C-12E3-4807-B356-773364FFF97A}
	EndGlobalSection
EndGlobal
